
Microsoft Visual Studio Solution File, Format Version 12.00
Project("{FAE04EC0-301F-11D3-BF4B-00C04F79EFBC}") = "Radma.Framework.Testing", "src\Radma.Framework.Testing\Radma.Framework.Testing.csproj", "{62B4F21E-1E84-41CD-BD0F-BDC2BC16E6F8}"
EndProject
Global
	GlobalSection(SolutionConfigurationPlatforms) = preSolution
		Debug|Any CPU = Debug|Any CPU
		Release|Any CPU = Release|Any CPU
	EndGlobalSection
	GlobalSection(ProjectConfigurationPlatforms) = postSolution
		{62B4F21E-1E84-41CD-BD0F-BDC2BC16E6F8}.Debug|Any CPU.ActiveCfg = Debug|Any CPU
		{62B4F21E-1E84-41CD-BD0F-BDC2BC16E6F8}.Debug|Any CPU.Build.0 = Debug|Any CPU
		{62B4F21E-1E84-41CD-BD0F-BDC2BC16E6F8}.Release|Any CPU.ActiveCfg = Release|Any CPU
		{62B4F21E-1E84-41CD-BD0F-BDC2BC16E6F8}.Release|Any CPU.Build.0 = Release|Any CPU
	EndGlobalSection
EndGlobal
